
Microsoft Visual Studio Solution File, Format Version 12.00
# Visual Studio Version 17
VisualStudioVersion = 17.11.35208.52
MinimumVisualStudioVersion = 10.0.40219.1
Project("{9A19103F-16F7-4668-BE54-9A1E7A4F7556}") = "WishComeTrue", "WishComeTrue\WishComeTrue.csproj", "{F8B2D7A7-DC13-46AE-93E8-66D667E8989D}"
EndProject
Project("{2150E333-8FDC-42A3-9474-1A3956D46DE8}") = "Common", "Common", "{522D33FC-B19E-4963-B6DF-D6BF70E36455}"
EndProject
Project("{9A19103F-16F7-4668-BE54-9A1E7A4F7556}") = "WishComeTrue.Common", "Common\WishComeTrue.Common.csproj", "{DE081A5A-1AF8-464E-AD83-F74114D9BEA8}"
EndProject
Project("{2150E333-8FDC-42A3-9474-1A3956D46DE8}") = "DAL", "DAL", "{DD14C2E1-0014-4665-BD05-49A2A87F2C5D}"
EndProject
Project("{9A19103F-16F7-4668-BE54-9A1E7A4F7556}") = "WishComeTrue.DAL", "WishComeTrue.DataAccess\WishComeTrue.DAL.csproj", "{ED278860-1E0A-4C4B-8B2F-1E8854FD2DE1}"
EndProject
Project("{2150E333-8FDC-42A3-9474-1A3956D46DE8}") = "Service", "Service", "{888E93CD-B68A-4EA1-9A5C-B75F3824CA66}"
EndProject
Project("{9A19103F-16F7-4668-BE54-9A1E7A4F7556}") = "WishComeTrue.Service", "WishComeTrue.Service\WishComeTrue.Service.csproj", "{8FD27414-C5A7-4F60-A562-4F87230E75ED}"
EndProject
Global
	GlobalSection(SolutionConfigurationPlatforms) = preSolution
		Debug|Any CPU = Debug|Any CPU
		Release|Any CPU = Release|Any CPU
	EndGlobalSection
	GlobalSection(ProjectConfigurationPlatforms) = postSolution
		{F8B2D7A7-DC13-46AE-93E8-66D667E8989D}.Debug|Any CPU.ActiveCfg = Debug|Any CPU
		{F8B2D7A7-DC13-46AE-93E8-66D667E8989D}.Debug|Any CPU.Build.0 = Debug|Any CPU
		{F8B2D7A7-DC13-46AE-93E8-66D667E8989D}.Release|Any CPU.ActiveCfg = Release|Any CPU
		{F8B2D7A7-DC13-46AE-93E8-66D667E8989D}.Release|Any CPU.Build.0 = Release|Any CPU
		{DE081A5A-1AF8-464E-AD83-F74114D9BEA8}.Debug|Any CPU.ActiveCfg = Debug|Any CPU
		{DE081A5A-1AF8-464E-AD83-F74114D9BEA8}.Debug|Any CPU.Build.0 = Debug|Any CPU
		{DE081A5A-1AF8-464E-AD83-F74114D9BEA8}.Release|Any CPU.ActiveCfg = Release|Any CPU
		{DE081A5A-1AF8-464E-AD83-F74114D9BEA8}.Release|Any CPU.Build.0 = Release|Any CPU
		{ED278860-1E0A-4C4B-8B2F-1E8854FD2DE1}.Debug|Any CPU.ActiveCfg = Debug|Any CPU
		{ED278860-1E0A-4C4B-8B2F-1E8854FD2DE1}.Debug|Any CPU.Build.0 = Debug|Any CPU
		{ED278860-1E0A-4C4B-8B2F-1E8854FD2DE1}.Release|Any CPU.ActiveCfg = Release|Any CPU
		{ED278860-1E0A-4C4B-8B2F-1E8854FD2DE1}.Release|Any CPU.Build.0 = Release|Any CPU
		{8FD27414-C5A7-4F60-A562-4F87230E75ED}.Debug|Any CPU.ActiveCfg = Debug|Any CPU
		{8FD27414-C5A7-4F60-A562-4F87230E75ED}.Debug|Any CPU.Build.0 = Debug|Any CPU
		{8FD27414-C5A7-4F60-A562-4F87230E75ED}.Release|Any CPU.ActiveCfg = Release|Any CPU
		{8FD27414-C5A7-4F60-A562-4F87230E75ED}.Release|Any CPU.Build.0 = Release|Any CPU
	EndGlobalSection
	GlobalSection(SolutionProperties) = preSolution
		HideSolutionNode = FALSE
	EndGlobalSection
	GlobalSection(NestedProjects) = preSolution
		{DE081A5A-1AF8-464E-AD83-F74114D9BEA8} = {522D33FC-B19E-4963-B6DF-D6BF70E36455}
		{ED278860-1E0A-4C4B-8B2F-1E8854FD2DE1} = {DD14C2E1-0014-4665-BD05-49A2A87F2C5D}
		{8FD27414-C5A7-4F60-A562-4F87230E75ED} = {888E93CD-B68A-4EA1-9A5C-B75F3824CA66}
	EndGlobalSection
	GlobalSection(ExtensibilityGlobals) = postSolution
		SolutionGuid = {EA023F3B-D7DB-4186-AFB1-F4CA0EEFFB9D}
	EndGlobalSection
EndGlobal
